// !$*UTF8*$!
{
	archiveVersion = 1;
	classes = {
	};
	objectVersion = 54;
	objects = {

/* Begin PBXBuildFile section */
		4D0106E82C20B9DF00462FA1 /* SwiftyJSON in Frameworks */ = {isa = PBXBuildFile; productRef = 4D0106E72C20B9DF00462FA1 /* SwiftyJSON */; };
		4DA6B6682C20C58100A1592A /* EKEventStore+AsyncFetch.swift in Sources */ = {isa = PBXBuildFile; fileRef = 4DA6B6672C20C58100A1592A /* EKEventStore+AsyncFetch.swift */; };
		4DA6B66A2C20C5A600A1592A /* AppError.swift in Sources */ = {isa = PBXBuildFile; fileRef = 4DA6B6692C20C5A600A1592A /* AppError.swift */; };
		4DA6B66E2C20C60200A1592A /* Reminder+EKReminder.swift in Sources */ = {isa = PBXBuildFile; fileRef = 4DA6B66B2C20C60200A1592A /* Reminder+EKReminder.swift */; };
		4DA6B66F2C20C60200A1592A /* Reminder.swift in Sources */ = {isa = PBXBuildFile; fileRef = 4DA6B66C2C20C60200A1592A /* Reminder.swift */; };
		4DA6B6702C20C60200A1592A /* ReminderStore.swift in Sources */ = {isa = PBXBuildFile; fileRef = 4DA6B66D2C20C60200A1592A /* ReminderStore.swift */; };
		4DA6B6722C20C85400A1592A /* ReminderListView.swift in Sources */ = {isa = PBXBuildFile; fileRef = 4DA6B6712C20C85400A1592A /* ReminderListView.swift */; };
		4DA6B6742C20E92C00A1592A /* MQTTManager + Badger.swift in Sources */ = {isa = PBXBuildFile; fileRef = 4DA6B6732C20E92C00A1592A /* MQTTManager + Badger.swift */; };
		4DA6B6762C22404500A1592A /* CalEvent.swift in Sources */ = {isa = PBXBuildFile; fileRef = 4DA6B6752C22404500A1592A /* CalEvent.swift */; };
		4DA6B6782C22414D00A1592A /* CalEvent + EKEvent.swift in Sources */ = {isa = PBXBuildFile; fileRef = 4DA6B6772C22414D00A1592A /* CalEvent + EKEvent.swift */; };
		4DA6B67A2C2244BD00A1592A /* SyncView.swift in Sources */ = {isa = PBXBuildFile; fileRef = 4DA6B6792C2244BD00A1592A /* SyncView.swift */; };
		4DA6B67C2C2245E100A1592A /* CalEventListView.swift in Sources */ = {isa = PBXBuildFile; fileRef = 4DA6B67B2C2245E100A1592A /* CalEventListView.swift */; };
		7618093B29E80E75008AABF0 /* CocoaMQTT in Frameworks */ = {isa = PBXBuildFile; productRef = 7618093A29E80E75008AABF0 /* CocoaMQTT */; };
		76B88D5A268B571D0098185D /* BaseButtonStyle.swift in Sources */ = {isa = PBXBuildFile; fileRef = 76B88D59268B571D0098185D /* BaseButtonStyle.swift */; };
		76B88D5C268B7DCC0098185D /* ConnectionStatusBar.swift in Sources */ = {isa = PBXBuildFile; fileRef = 76B88D5B268B7DCC0098185D /* ConnectionStatusBar.swift */; };
		76C85F98269A0852007BDB95 /* TextView.swift in Sources */ = {isa = PBXBuildFile; fileRef = 76C85F97269A0852007BDB95 /* TextView.swift */; };
		76C85F9A269CB5C4007BDB95 /* MQTTTextField.swift in Sources */ = {isa = PBXBuildFile; fileRef = 76C85F99269CB5C4007BDB95 /* MQTTTextField.swift */; };
		76E2F52C25B71BDD00237134 /* SwiftUI_MQTTApp.swift in Sources */ = {isa = PBXBuildFile; fileRef = 76E2F52B25B71BDD00237134 /* SwiftUI_MQTTApp.swift */; };
		76E2F52E25B71BDD00237134 /* MessagesView.swift in Sources */ = {isa = PBXBuildFile; fileRef = 76E2F52D25B71BDD00237134 /* MessagesView.swift */; };
		76E2F53025B71BDE00237134 /* Assets.xcassets in Resources */ = {isa = PBXBuildFile; fileRef = 76E2F52F25B71BDE00237134 /* Assets.xcassets */; };
		76E2F53325B71BDE00237134 /* Preview Assets.xcassets in Resources */ = {isa = PBXBuildFile; fileRef = 76E2F53225B71BDE00237134 /* Preview Assets.xcassets */; };
		76E2F53E25B71BDE00237134 /* SwiftUI_MQTTTests.swift in Sources */ = {isa = PBXBuildFile; fileRef = 76E2F53D25B71BDE00237134 /* SwiftUI_MQTTTests.swift */; };
		76E2F54925B71BDE00237134 /* SwiftUI_MQTTUITests.swift in Sources */ = {isa = PBXBuildFile; fileRef = 76E2F54825B71BDE00237134 /* SwiftUI_MQTTUITests.swift */; };
		76E2F55D25B71DCD00237134 /* MQTTManager.swift in Sources */ = {isa = PBXBuildFile; fileRef = 76E2F55C25B71DCD00237134 /* MQTTManager.swift */; };
		76E2F56525B72C4B00237134 /* MQTTAppState.swift in Sources */ = {isa = PBXBuildFile; fileRef = 76E2F56425B72C4B00237134 /* MQTTAppState.swift */; };
		76E9C21125B87B5000ABC54D /* SettingsView.swift in Sources */ = {isa = PBXBuildFile; fileRef = 76E9C21025B87B5000ABC54D /* SettingsView.swift */; };
/* End PBXBuildFile section */

/* Begin PBXContainerItemProxy section */
		76E2F53A25B71BDE00237134 /* PBXContainerItemProxy */ = {
			isa = PBXContainerItemProxy;
			containerPortal = 76E2F52025B71BDD00237134 /* Project object */;
			proxyType = 1;
			remoteGlobalIDString = 76E2F52725B71BDD00237134;
			remoteInfo = SwiftUI_MQTT;
		};
		76E2F54525B71BDE00237134 /* PBXContainerItemProxy */ = {
			isa = PBXContainerItemProxy;
			containerPortal = 76E2F52025B71BDD00237134 /* Project object */;
			proxyType = 1;
			remoteGlobalIDString = 76E2F52725B71BDD00237134;
			remoteInfo = SwiftUI_MQTT;
		};
/* End PBXContainerItemProxy section */

/* Begin PBXFileReference section */
		4DA6B6672C20C58100A1592A /* EKEventStore+AsyncFetch.swift */ = {isa = PBXFileReference; fileEncoding = 4; lastKnownFileType = sourcecode.swift; path = "EKEventStore+AsyncFetch.swift"; sourceTree = "<group>"; };
		4DA6B6692C20C5A600A1592A /* AppError.swift */ = {isa = PBXFileReference; fileEncoding = 4; lastKnownFileType = sourcecode.swift; path = AppError.swift; sourceTree = "<group>"; };
		4DA6B66B2C20C60200A1592A /* Reminder+EKReminder.swift */ = {isa = PBXFileReference; fileEncoding = 4; lastKnownFileType = sourcecode.swift; path = "Reminder+EKReminder.swift"; sourceTree = "<group>"; };
		4DA6B66C2C20C60200A1592A /* Reminder.swift */ = {isa = PBXFileReference; fileEncoding = 4; lastKnownFileType = sourcecode.swift; path = Reminder.swift; sourceTree = "<group>"; };
		4DA6B66D2C20C60200A1592A /* ReminderStore.swift */ = {isa = PBXFileReference; fileEncoding = 4; lastKnownFileType = sourcecode.swift; path = ReminderStore.swift; sourceTree = "<group>"; };
		4DA6B6712C20C85400A1592A /* ReminderListView.swift */ = {isa = PBXFileReference; lastKnownFileType = sourcecode.swift; path = ReminderListView.swift; sourceTree = "<group>"; };
		4DA6B6732C20E92C00A1592A /* MQTTManager + Badger.swift */ = {isa = PBXFileReference; lastKnownFileType = sourcecode.swift; path = "MQTTManager + Badger.swift"; sourceTree = "<group>"; };
		4DA6B6752C22404500A1592A /* CalEvent.swift */ = {isa = PBXFileReference; lastKnownFileType = sourcecode.swift; path = CalEvent.swift; sourceTree = "<group>"; };
		4DA6B6772C22414D00A1592A /* CalEvent + EKEvent.swift */ = {isa = PBXFileReference; lastKnownFileType = sourcecode.swift; path = "CalEvent + EKEvent.swift"; sourceTree = "<group>"; };
		4DA6B6792C2244BD00A1592A /* SyncView.swift */ = {isa = PBXFileReference; lastKnownFileType = sourcecode.swift; path = SyncView.swift; sourceTree = "<group>"; };
		4DA6B67B2C2245E100A1592A /* CalEventListView.swift */ = {isa = PBXFileReference; lastKnownFileType = sourcecode.swift; path = CalEventListView.swift; sourceTree = "<group>"; };
		76B88D59268B571D0098185D /* BaseButtonStyle.swift */ = {isa = PBXFileReference; lastKnownFileType = sourcecode.swift; path = BaseButtonStyle.swift; sourceTree = "<group>"; };
		76B88D5B268B7DCC0098185D /* ConnectionStatusBar.swift */ = {isa = PBXFileReference; lastKnownFileType = sourcecode.swift; path = ConnectionStatusBar.swift; sourceTree = "<group>"; };
		76C85F97269A0852007BDB95 /* TextView.swift */ = {isa = PBXFileReference; lastKnownFileType = sourcecode.swift; path = TextView.swift; sourceTree = "<group>"; };
		76C85F99269CB5C4007BDB95 /* MQTTTextField.swift */ = {isa = PBXFileReference; lastKnownFileType = sourcecode.swift; path = MQTTTextField.swift; sourceTree = "<group>"; };
		76E2F52825B71BDD00237134 /* BadgerMQTT.app */ = {isa = PBXFileReference; explicitFileType = wrapper.application; includeInIndex = 0; path = BadgerMQTT.app; sourceTree = BUILT_PRODUCTS_DIR; };
		76E2F52B25B71BDD00237134 /* SwiftUI_MQTTApp.swift */ = {isa = PBXFileReference; lastKnownFileType = sourcecode.swift; path = SwiftUI_MQTTApp.swift; sourceTree = "<group>"; };
		76E2F52D25B71BDD00237134 /* MessagesView.swift */ = {isa = PBXFileReference; lastKnownFileType = sourcecode.swift; path = MessagesView.swift; sourceTree = "<group>"; };
		76E2F52F25B71BDE00237134 /* Assets.xcassets */ = {isa = PBXFileReference; lastKnownFileType = folder.assetcatalog; path = Assets.xcassets; sourceTree = "<group>"; };
		76E2F53225B71BDE00237134 /* Preview Assets.xcassets */ = {isa = PBXFileReference; lastKnownFileType = folder.assetcatalog; path = "Preview Assets.xcassets"; sourceTree = "<group>"; };
		76E2F53425B71BDE00237134 /* Info.plist */ = {isa = PBXFileReference; lastKnownFileType = text.plist.xml; path = Info.plist; sourceTree = "<group>"; };
		76E2F53925B71BDE00237134 /* BadgerMQTTTests.xctest */ = {isa = PBXFileReference; explicitFileType = wrapper.cfbundle; includeInIndex = 0; path = BadgerMQTTTests.xctest; sourceTree = BUILT_PRODUCTS_DIR; };
		76E2F53D25B71BDE00237134 /* SwiftUI_MQTTTests.swift */ = {isa = PBXFileReference; lastKnownFileType = sourcecode.swift; path = SwiftUI_MQTTTests.swift; sourceTree = "<group>"; };
		76E2F53F25B71BDE00237134 /* Info.plist */ = {isa = PBXFileReference; lastKnownFileType = text.plist.xml; path = Info.plist; sourceTree = "<group>"; };
		76E2F54425B71BDE00237134 /* BadgerMQTTUITests.xctest */ = {isa = PBXFileReference; explicitFileType = wrapper.cfbundle; includeInIndex = 0; path = BadgerMQTTUITests.xctest; sourceTree = BUILT_PRODUCTS_DIR; };
		76E2F54825B71BDE00237134 /* SwiftUI_MQTTUITests.swift */ = {isa = PBXFileReference; lastKnownFileType = sourcecode.swift; path = SwiftUI_MQTTUITests.swift; sourceTree = "<group>"; };
		76E2F54A25B71BDE00237134 /* Info.plist */ = {isa = PBXFileReference; lastKnownFileType = text.plist.xml; path = Info.plist; sourceTree = "<group>"; };
		76E2F55C25B71DCD00237134 /* MQTTManager.swift */ = {isa = PBXFileReference; lastKnownFileType = sourcecode.swift; path = MQTTManager.swift; sourceTree = "<group>"; };
		76E2F56425B72C4B00237134 /* MQTTAppState.swift */ = {isa = PBXFileReference; lastKnownFileType = sourcecode.swift; path = MQTTAppState.swift; sourceTree = "<group>"; };
		76E9C21025B87B5000ABC54D /* SettingsView.swift */ = {isa = PBXFileReference; lastKnownFileType = sourcecode.swift; path = SettingsView.swift; sourceTree = "<group>"; };
/* End PBXFileReference section */

/* Begin PBXFrameworksBuildPhase section */
		76E2F52525B71BDD00237134 /* Frameworks */ = {
			isa = PBXFrameworksBuildPhase;
			buildActionMask = 2147483647;
			files = (
				4D0106E82C20B9DF00462FA1 /* SwiftyJSON in Frameworks */,
				7618093B29E80E75008AABF0 /* CocoaMQTT in Frameworks */,
			);
			runOnlyForDeploymentPostprocessing = 0;
		};
		76E2F53625B71BDE00237134 /* Frameworks */ = {
			isa = PBXFrameworksBuildPhase;
			buildActionMask = 2147483647;
			files = (
			);
			runOnlyForDeploymentPostprocessing = 0;
		};
		76E2F54125B71BDE00237134 /* Frameworks */ = {
			isa = PBXFrameworksBuildPhase;
			buildActionMask = 2147483647;
			files = (
			);
			runOnlyForDeploymentPostprocessing = 0;
		};
/* End PBXFrameworksBuildPhase section */

/* Begin PBXGroup section */
		4D0106E62C20B9DF00462FA1 /* Frameworks */ = {
			isa = PBXGroup;
			children = (
			);
			name = Frameworks;
			sourceTree = "<group>";
		};
		76B88D57268B56FA0098185D /* Styles */ = {
			isa = PBXGroup;
			children = (
				76B88D58268B57010098185D /* Button */,
			);
			path = Styles;
			sourceTree = "<group>";
		};
		76B88D58268B57010098185D /* Button */ = {
			isa = PBXGroup;
			children = (
				76B88D59268B571D0098185D /* BaseButtonStyle.swift */,
			);
			path = Button;
			sourceTree = "<group>";
		};
		76E2F51F25B71BDD00237134 = {
			isa = PBXGroup;
			children = (
				76E2F52A25B71BDD00237134 /* BadgerMQTT */,
				76E2F53C25B71BDE00237134 /* BadgerMQTTTests */,
				76E2F54725B71BDE00237134 /* BadgerMQTTUITests */,
				76E2F52925B71BDD00237134 /* Products */,
				4D0106E62C20B9DF00462FA1 /* Frameworks */,
			);
			sourceTree = "<group>";
		};
		76E2F52925B71BDD00237134 /* Products */ = {
			isa = PBXGroup;
			children = (
				76E2F52825B71BDD00237134 /* BadgerMQTT.app */,
				76E2F53925B71BDE00237134 /* BadgerMQTTTests.xctest */,
				76E2F54425B71BDE00237134 /* BadgerMQTTUITests.xctest */,
			);
			name = Products;
			sourceTree = "<group>";
		};
		76E2F52A25B71BDD00237134 /* BadgerMQTT */ = {
			isa = PBXGroup;
			children = (
				76E9C20B25B87A2900ABC54D /* Modules */,
				76E2F55925B71D2300237134 /* Core */,
				76E2F52B25B71BDD00237134 /* SwiftUI_MQTTApp.swift */,
				76E2F52F25B71BDE00237134 /* Assets.xcassets */,
				76E2F53425B71BDE00237134 /* Info.plist */,
				76E2F53125B71BDE00237134 /* Preview Content */,
			);
			path = BadgerMQTT;
			sourceTree = "<group>";
		};
		76E2F53125B71BDE00237134 /* Preview Content */ = {
			isa = PBXGroup;
			children = (
				76E2F53225B71BDE00237134 /* Preview Assets.xcassets */,
			);
			path = "Preview Content";
			sourceTree = "<group>";
		};
		76E2F53C25B71BDE00237134 /* BadgerMQTTTests */ = {
			isa = PBXGroup;
			children = (
				76E2F53D25B71BDE00237134 /* SwiftUI_MQTTTests.swift */,
				76E2F53F25B71BDE00237134 /* Info.plist */,
			);
			path = BadgerMQTTTests;
			sourceTree = "<group>";
		};
		76E2F54725B71BDE00237134 /* BadgerMQTTUITests */ = {
			isa = PBXGroup;
			children = (
				76E2F54825B71BDE00237134 /* SwiftUI_MQTTUITests.swift */,
				76E2F54A25B71BDE00237134 /* Info.plist */,
			);
			path = BadgerMQTTUITests;
			sourceTree = "<group>";
		};
		76E2F55925B71D2300237134 /* Core */ = {
			isa = PBXGroup;
			children = (
				76B88D57268B56FA0098185D /* Styles */,
				76E9C20E25B87A6100ABC54D /* Views */,
				76E2F55B25B71D3D00237134 /* ViewModels */,
				76E2F55A25B71D3600237134 /* Models */,
			);
			path = Core;
			sourceTree = "<group>";
		};
		76E2F55A25B71D3600237134 /* Models */ = {
			isa = PBXGroup;
			children = (
				4DA6B66C2C20C60200A1592A /* Reminder.swift */,
				4DA6B66B2C20C60200A1592A /* Reminder+EKReminder.swift */,
				4DA6B66D2C20C60200A1592A /* ReminderStore.swift */,
				4DA6B6692C20C5A600A1592A /* AppError.swift */,
				4DA6B6672C20C58100A1592A /* EKEventStore+AsyncFetch.swift */,
				76E2F56425B72C4B00237134 /* MQTTAppState.swift */,
				4DA6B6752C22404500A1592A /* CalEvent.swift */,
				4DA6B6772C22414D00A1592A /* CalEvent + EKEvent.swift */,
			);
			path = Models;
			sourceTree = "<group>";
		};
		76E2F55B25B71D3D00237134 /* ViewModels */ = {
			isa = PBXGroup;
			children = (
				76E2F55C25B71DCD00237134 /* MQTTManager.swift */,
				4DA6B6732C20E92C00A1592A /* MQTTManager + Badger.swift */,
			);
			path = ViewModels;
			sourceTree = "<group>";
		};
		76E9C20B25B87A2900ABC54D /* Modules */ = {
			isa = PBXGroup;
			children = (
				76E9C20D25B87A4200ABC54D /* Message */,
				76E9C20C25B87A3600ABC54D /* Settings */,
			);
			path = Modules;
			sourceTree = "<group>";
		};
		76E9C20C25B87A3600ABC54D /* Settings */ = {
			isa = PBXGroup;
			children = (
				76E9C20F25B87B3C00ABC54D /* Views */,
			);
			path = Settings;
			sourceTree = "<group>";
		};
		76E9C20D25B87A4200ABC54D /* Message */ = {
			isa = PBXGroup;
			children = (
				76E2F52D25B71BDD00237134 /* MessagesView.swift */,
			);
			path = Message;
			sourceTree = "<group>";
		};
		76E9C20E25B87A6100ABC54D /* Views */ = {
			isa = PBXGroup;
			children = (
				76B88D5B268B7DCC0098185D /* ConnectionStatusBar.swift */,
				76C85F97269A0852007BDB95 /* TextView.swift */,
				76C85F99269CB5C4007BDB95 /* MQTTTextField.swift */,
				4DA6B6712C20C85400A1592A /* ReminderListView.swift */,
				4DA6B6792C2244BD00A1592A /* SyncView.swift */,
				4DA6B67B2C2245E100A1592A /* CalEventListView.swift */,
			);
			path = Views;
			sourceTree = "<group>";
		};
		76E9C20F25B87B3C00ABC54D /* Views */ = {
			isa = PBXGroup;
			children = (
				76E9C21025B87B5000ABC54D /* SettingsView.swift */,
			);
			path = Views;
			sourceTree = "<group>";
		};
/* End PBXGroup section */

/* Begin PBXNativeTarget section */
		76E2F52725B71BDD00237134 /* BadgerMQTT */ = {
			isa = PBXNativeTarget;
			buildConfigurationList = 76E2F54D25B71BDE00237134 /* Build configuration list for PBXNativeTarget "BadgerMQTT" */;
			buildPhases = (
				76E2F52425B71BDD00237134 /* Sources */,
				76E2F52525B71BDD00237134 /* Frameworks */,
				76E2F52625B71BDD00237134 /* Resources */,
			);
			buildRules = (
			);
			dependencies = (
			);
			name = BadgerMQTT;
			packageProductDependencies = (
				7618093A29E80E75008AABF0 /* CocoaMQTT */,
				4D0106E72C20B9DF00462FA1 /* SwiftyJSON */,
			);
			productName = SwiftUI_MQTT;
			productReference = 76E2F52825B71BDD00237134 /* BadgerMQTT.app */;
			productType = "com.apple.product-type.application";
		};
		76E2F53825B71BDE00237134 /* BadgerMQTTTests */ = {
			isa = PBXNativeTarget;
			buildConfigurationList = 76E2F55025B71BDE00237134 /* Build configuration list for PBXNativeTarget "BadgerMQTTTests" */;
			buildPhases = (
				76E2F53525B71BDE00237134 /* Sources */,
				76E2F53625B71BDE00237134 /* Frameworks */,
				76E2F53725B71BDE00237134 /* Resources */,
			);
			buildRules = (
			);
			dependencies = (
				76E2F53B25B71BDE00237134 /* PBXTargetDependency */,
			);
			name = BadgerMQTTTests;
			productName = SwiftUI_MQTTTests;
			productReference = 76E2F53925B71BDE00237134 /* BadgerMQTTTests.xctest */;
			productType = "com.apple.product-type.bundle.unit-test";
		};
		76E2F54325B71BDE00237134 /* BadgerMQTTUITests */ = {
			isa = PBXNativeTarget;
			buildConfigurationList = 76E2F55325B71BDE00237134 /* Build configuration list for PBXNativeTarget "BadgerMQTTUITests" */;
			buildPhases = (
				76E2F54025B71BDE00237134 /* Sources */,
				76E2F54125B71BDE00237134 /* Frameworks */,
				76E2F54225B71BDE00237134 /* Resources */,
			);
			buildRules = (
			);
			dependencies = (
				76E2F54625B71BDE00237134 /* PBXTargetDependency */,
			);
			name = BadgerMQTTUITests;
			productName = SwiftUI_MQTTUITests;
			productReference = 76E2F54425B71BDE00237134 /* BadgerMQTTUITests.xctest */;
			productType = "com.apple.product-type.bundle.ui-testing";
		};
/* End PBXNativeTarget section */

/* Begin PBXProject section */
		76E2F52025B71BDD00237134 /* Project object */ = {
			isa = PBXProject;
			attributes = {
				LastSwiftUpdateCheck = 1200;
				LastUpgradeCheck = 1200;
				TargetAttributes = {
					76E2F52725B71BDD00237134 = {
						CreatedOnToolsVersion = 12.0;
					};
					76E2F53825B71BDE00237134 = {
						CreatedOnToolsVersion = 12.0;
						TestTargetID = 76E2F52725B71BDD00237134;
					};
					76E2F54325B71BDE00237134 = {
						CreatedOnToolsVersion = 12.0;
						TestTargetID = 76E2F52725B71BDD00237134;
					};
				};
			};
			buildConfigurationList = 76E2F52325B71BDD00237134 /* Build configuration list for PBXProject "BadgerMQTT" */;
			compatibilityVersion = "Xcode 9.3";
			developmentRegion = en;
			hasScannedForEncodings = 0;
			knownRegions = (
				en,
				Base,
			);
			mainGroup = 76E2F51F25B71BDD00237134;
			packageReferences = (
				7618093929E80E75008AABF0 /* XCRemoteSwiftPackageReference "CocoaMQTT" */,
				4D0106E52C20B99700462FA1 /* XCRemoteSwiftPackageReference "SwiftyJSON" */,
			);
			productRefGroup = 76E2F52925B71BDD00237134 /* Products */;
			projectDirPath = "";
			projectRoot = "";
			targets = (
				76E2F52725B71BDD00237134 /* BadgerMQTT */,
				76E2F53825B71BDE00237134 /* BadgerMQTTTests */,
				76E2F54325B71BDE00237134 /* BadgerMQTTUITests */,
			);
		};
/* End PBXProject section */

/* Begin PBXResourcesBuildPhase section */
		76E2F52625B71BDD00237134 /* Resources */ = {
			isa = PBXResourcesBuildPhase;
			buildActionMask = 2147483647;
			files = (
				76E2F53325B71BDE00237134 /* Preview Assets.xcassets in Resources */,
				76E2F53025B71BDE00237134 /* Assets.xcassets in Resources */,
			);
			runOnlyForDeploymentPostprocessing = 0;
		};
		76E2F53725B71BDE00237134 /* Resources */ = {
			isa = PBXResourcesBuildPhase;
			buildActionMask = 2147483647;
			files = (
			);
			runOnlyForDeploymentPostprocessing = 0;
		};
		76E2F54225B71BDE00237134 /* Resources */ = {
			isa = PBXResourcesBuildPhase;
			buildActionMask = 2147483647;
			files = (
			);
			runOnlyForDeploymentPostprocessing = 0;
		};
/* End PBXResourcesBuildPhase section */

/* Begin PBXSourcesBuildPhase section */
		76E2F52425B71BDD00237134 /* Sources */ = {
			isa = PBXSourcesBuildPhase;
			buildActionMask = 2147483647;
			files = (
				76E9C21125B87B5000ABC54D /* SettingsView.swift in Sources */,
				76C85F98269A0852007BDB95 /* TextView.swift in Sources */,
				76B88D5C268B7DCC0098185D /* ConnectionStatusBar.swift in Sources */,
				4DA6B6702C20C60200A1592A /* ReminderStore.swift in Sources */,
				76E2F52E25B71BDD00237134 /* MessagesView.swift in Sources */,
				4DA6B6682C20C58100A1592A /* EKEventStore+AsyncFetch.swift in Sources */,
				4DA6B6762C22404500A1592A /* CalEvent.swift in Sources */,
				76B88D5A268B571D0098185D /* BaseButtonStyle.swift in Sources */,
				4DA6B66A2C20C5A600A1592A /* AppError.swift in Sources */,
				4DA6B66E2C20C60200A1592A /* Reminder+EKReminder.swift in Sources */,
				76E2F56525B72C4B00237134 /* MQTTAppState.swift in Sources */,
				4DA6B66F2C20C60200A1592A /* Reminder.swift in Sources */,
				76E2F55D25B71DCD00237134 /* MQTTManager.swift in Sources */,
				4DA6B6722C20C85400A1592A /* ReminderListView.swift in Sources */,
				4DA6B6782C22414D00A1592A /* CalEvent + EKEvent.swift in Sources */,
				76C85F9A269CB5C4007BDB95 /* MQTTTextField.swift in Sources */,
				4DA6B6742C20E92C00A1592A /* MQTTManager + Badger.swift in Sources */,
				76E2F52C25B71BDD00237134 /* SwiftUI_MQTTApp.swift in Sources */,
				4DA6B67C2C2245E100A1592A /* CalEventListView.swift in Sources */,
				4DA6B67A2C2244BD00A1592A /* SyncView.swift in Sources */,
			);
			runOnlyForDeploymentPostprocessing = 0;
		};
		76E2F53525B71BDE00237134 /* Sources */ = {
			isa = PBXSourcesBuildPhase;
			buildActionMask = 2147483647;
			files = (
				76E2F53E25B71BDE00237134 /* SwiftUI_MQTTTests.swift in Sources */,
			);
			runOnlyForDeploymentPostprocessing = 0;
		};
		76E2F54025B71BDE00237134 /* Sources */ = {
			isa = PBXSourcesBuildPhase;
			buildActionMask = 2147483647;
			files = (
				76E2F54925B71BDE00237134 /* SwiftUI_MQTTUITests.swift in Sources */,
			);
			runOnlyForDeploymentPostprocessing = 0;
		};
/* End PBXSourcesBuildPhase section */

/* Begin PBXTargetDependency section */
		76E2F53B25B71BDE00237134 /* PBXTargetDependency */ = {
			isa = PBXTargetDependency;
			target = 76E2F52725B71BDD00237134 /* BadgerMQTT */;
			targetProxy = 76E2F53A25B71BDE00237134 /* PBXContainerItemProxy */;
		};
		76E2F54625B71BDE00237134 /* PBXTargetDependency */ = {
			isa = PBXTargetDependency;
			target = 76E2F52725B71BDD00237134 /* BadgerMQTT */;
			targetProxy = 76E2F54525B71BDE00237134 /* PBXContainerItemProxy */;
		};
/* End PBXTargetDependency section */

/* Begin XCBuildConfiguration section */
		76E2F54B25B71BDE00237134 /* Debug */ = {
			isa = XCBuildConfiguration;
			buildSettings = {
				ALWAYS_SEARCH_USER_PATHS = NO;
				CLANG_ANALYZER_NONNULL = YES;
				CLANG_ANALYZER_NUMBER_OBJECT_CONVERSION = YES_AGGRESSIVE;
				CLANG_CXX_LANGUAGE_STANDARD = "gnu++14";
				CLANG_CXX_LIBRARY = "libc++";
				CLANG_ENABLE_MODULES = YES;
				CLANG_ENABLE_OBJC_ARC = YES;
				CLANG_ENABLE_OBJC_WEAK = YES;
				CLANG_WARN_BLOCK_CAPTURE_AUTORELEASING = YES;
				CLANG_WARN_BOOL_CONVERSION = YES;
				CLANG_WARN_COMMA = YES;
				CLANG_WARN_CONSTANT_CONVERSION = YES;
				CLANG_WARN_DEPRECATED_OBJC_IMPLEMENTATIONS = YES;
				CLANG_WARN_DIRECT_OBJC_ISA_USAGE = YES_ERROR;
				CLANG_WARN_DOCUMENTATION_COMMENTS = YES;
				CLANG_WARN_EMPTY_BODY = YES;
				CLANG_WARN_ENUM_CONVERSION = YES;
				CLANG_WARN_INFINITE_RECURSION = YES;
				CLANG_WARN_INT_CONVERSION = YES;
				CLANG_WARN_NON_LITERAL_NULL_CONVERSION = YES;
				CLANG_WARN_OBJC_IMPLICIT_RETAIN_SELF = YES;
				CLANG_WARN_OBJC_LITERAL_CONVERSION = YES;
				CLANG_WARN_OBJC_ROOT_CLASS = YES_ERROR;
				CLANG_WARN_QUOTED_INCLUDE_IN_FRAMEWORK_HEADER = YES;
				CLANG_WARN_RANGE_LOOP_ANALYSIS = YES;
				CLANG_WARN_STRICT_PROTOTYPES = YES;
				CLANG_WARN_SUSPICIOUS_MOVE = YES;
				CLANG_WARN_UNGUARDED_AVAILABILITY = YES_AGGRESSIVE;
				CLANG_WARN_UNREACHABLE_CODE = YES;
				CLANG_WARN__DUPLICATE_METHOD_MATCH = YES;
				COPY_PHASE_STRIP = NO;
				DEBUG_INFORMATION_FORMAT = dwarf;
				ENABLE_STRICT_OBJC_MSGSEND = YES;
				ENABLE_TESTABILITY = YES;
				GCC_C_LANGUAGE_STANDARD = gnu11;
				GCC_DYNAMIC_NO_PIC = NO;
				GCC_NO_COMMON_BLOCKS = YES;
				GCC_OPTIMIZATION_LEVEL = 0;
				GCC_PREPROCESSOR_DEFINITIONS = (
					"DEBUG=1",
					"$(inherited)",
				);
				GCC_WARN_64_TO_32_BIT_CONVERSION = YES;
				GCC_WARN_ABOUT_RETURN_TYPE = YES_ERROR;
				GCC_WARN_UNDECLARED_SELECTOR = YES;
				GCC_WARN_UNINITIALIZED_AUTOS = YES_AGGRESSIVE;
				GCC_WARN_UNUSED_FUNCTION = YES;
				GCC_WARN_UNUSED_VARIABLE = YES;
				IPHONEOS_DEPLOYMENT_TARGET = 14.0;
				MTL_ENABLE_DEBUG_INFO = INCLUDE_SOURCE;
				MTL_FAST_MATH = YES;
				ONLY_ACTIVE_ARCH = YES;
				SDKROOT = iphoneos;
				SWIFT_ACTIVE_COMPILATION_CONDITIONS = DEBUG;
				SWIFT_OPTIMIZATION_LEVEL = "-Onone";
			};
			name = Debug;
		};
		76E2F54C25B71BDE00237134 /* Release */ = {
			isa = XCBuildConfiguration;
			buildSettings = {
				ALWAYS_SEARCH_USER_PATHS = NO;
				CLANG_ANALYZER_NONNULL = YES;
				CLANG_ANALYZER_NUMBER_OBJECT_CONVERSION = YES_AGGRESSIVE;
				CLANG_CXX_LANGUAGE_STANDARD = "gnu++14";
				CLANG_CXX_LIBRARY = "libc++";
				CLANG_ENABLE_MODULES = YES;
				CLANG_ENABLE_OBJC_ARC = YES;
				CLANG_ENABLE_OBJC_WEAK = YES;
				CLANG_WARN_BLOCK_CAPTURE_AUTORELEASING = YES;
				CLANG_WARN_BOOL_CONVERSION = YES;
				CLANG_WARN_COMMA = YES;
				CLANG_WARN_CONSTANT_CONVERSION = YES;
				CLANG_WARN_DEPRECATED_OBJC_IMPLEMENTATIONS = YES;
				CLANG_WARN_DIRECT_OBJC_ISA_USAGE = YES_ERROR;
				CLANG_WARN_DOCUMENTATION_COMMENTS = YES;
				CLANG_WARN_EMPTY_BODY = YES;
				CLANG_WARN_ENUM_CONVERSION = YES;
				CLANG_WARN_INFINITE_RECURSION = YES;
				CLANG_WARN_INT_CONVERSION = YES;
				CLANG_WARN_NON_LITERAL_NULL_CONVERSION = YES;
				CLANG_WARN_OBJC_IMPLICIT_RETAIN_SELF = YES;
				CLANG_WARN_OBJC_LITERAL_CONVERSION = YES;
				CLANG_WARN_OBJC_ROOT_CLASS = YES_ERROR;
				CLANG_WARN_QUOTED_INCLUDE_IN_FRAMEWORK_HEADER = YES;
				CLANG_WARN_RANGE_LOOP_ANALYSIS = YES;
				CLANG_WARN_STRICT_PROTOTYPES = YES;
				CLANG_WARN_SUSPICIOUS_MOVE = YES;
				CLANG_WARN_UNGUARDED_AVAILABILITY = YES_AGGRESSIVE;
				CLANG_WARN_UNREACHABLE_CODE = YES;
				CLANG_WARN__DUPLICATE_METHOD_MATCH = YES;
				COPY_PHASE_STRIP = NO;
				DEBUG_INFORMATION_FORMAT = "dwarf-with-dsym";
				ENABLE_NS_ASSERTIONS = NO;
				ENABLE_STRICT_OBJC_MSGSEND = YES;
				GCC_C_LANGUAGE_STANDARD = gnu11;
				GCC_NO_COMMON_BLOCKS = YES;
				GCC_WARN_64_TO_32_BIT_CONVERSION = YES;
				GCC_WARN_ABOUT_RETURN_TYPE = YES_ERROR;
				GCC_WARN_UNDECLARED_SELECTOR = YES;
				GCC_WARN_UNINITIALIZED_AUTOS = YES_AGGRESSIVE;
				GCC_WARN_UNUSED_FUNCTION = YES;
				GCC_WARN_UNUSED_VARIABLE = YES;
				IPHONEOS_DEPLOYMENT_TARGET = 14.0;
				MTL_ENABLE_DEBUG_INFO = NO;
				MTL_FAST_MATH = YES;
				SDKROOT = iphoneos;
				SWIFT_COMPILATION_MODE = wholemodule;
				SWIFT_OPTIMIZATION_LEVEL = "-O";
				VALIDATE_PRODUCT = YES;
			};
			name = Release;
		};
		76E2F54E25B71BDE00237134 /* Debug */ = {
			isa = XCBuildConfiguration;
			buildSettings = {
				ASSETCATALOG_COMPILER_APPICON_NAME = AppIcon;
				ASSETCATALOG_COMPILER_GLOBAL_ACCENT_COLOR_NAME = AccentColor;
				CODE_SIGN_STYLE = Automatic;
				DEVELOPMENT_ASSET_PATHS = "\"SwiftUI_MQTT/Preview Content\"";
				DEVELOPMENT_TEAM = Z3VCGNG35N;
				ENABLE_PREVIEWS = YES;
				INFOPLIST_FILE = SwiftUI_MQTT/Info.plist;
				IPHONEOS_DEPLOYMENT_TARGET = 14.0;
				LD_RUNPATH_SEARCH_PATHS = (
					"$(inherited)",
					"@executable_path/Frameworks",
				);
				PRODUCT_BUNDLE_IDENTIFIER = "com.alealfaro.SwiftUI-MQTT1";
				PRODUCT_NAME = "$(TARGET_NAME)";
				SWIFT_VERSION = 5.0;
				TARGETED_DEVICE_FAMILY = "1,2";
			};
			name = Debug;
		};
		76E2F54F25B71BDE00237134 /* Release */ = {
			isa = XCBuildConfiguration;
			buildSettings = {
				ASSETCATALOG_COMPILER_APPICON_NAME = AppIcon;
				ASSETCATALOG_COMPILER_GLOBAL_ACCENT_COLOR_NAME = AccentColor;
				CODE_SIGN_STYLE = Automatic;
				DEVELOPMENT_ASSET_PATHS = "\"SwiftUI_MQTT/Preview Content\"";
				DEVELOPMENT_TEAM = Z3VCGNG35N;
				ENABLE_PREVIEWS = YES;
				INFOPLIST_FILE = SwiftUI_MQTT/Info.plist;
				IPHONEOS_DEPLOYMENT_TARGET = 14.0;
				LD_RUNPATH_SEARCH_PATHS = (
					"$(inherited)",
					"@executable_path/Frameworks",
				);
				PRODUCT_BUNDLE_IDENTIFIER = "com.alealfaro.SwiftUI-MQTT1";
				PRODUCT_NAME = "$(TARGET_NAME)";
				SWIFT_VERSION = 5.0;
				TARGETED_DEVICE_FAMILY = "1,2";
			};
			name = Release;
		};
		76E2F55125B71BDE00237134 /* Debug */ = {
			isa = XCBuildConfiguration;
			buildSettings = {
				ALWAYS_EMBED_SWIFT_STANDARD_LIBRARIES = YES;
				BUNDLE_LOADER = "$(TEST_HOST)";
				CODE_SIGN_STYLE = Automatic;
				DEVELOPMENT_TEAM = 6UT7M6DT43;
				INFOPLIST_FILE = SwiftUI_MQTTTests/Info.plist;
				IPHONEOS_DEPLOYMENT_TARGET = 14.0;
				LD_RUNPATH_SEARCH_PATHS = (
					"$(inherited)",
					"@executable_path/Frameworks",
					"@loader_path/Frameworks",
				);
				PRODUCT_BUNDLE_IDENTIFIER = "com.anoop.SwiftUI-MQTTTests";
				PRODUCT_NAME = "$(TARGET_NAME)";
				SWIFT_VERSION = 5.0;
				TARGETED_DEVICE_FAMILY = "1,2";
				TEST_HOST = "$(BUILT_PRODUCTS_DIR)/BadgerMQTT.app/BadgerMQTT";
			};
			name = Debug;
		};
		76E2F55225B71BDE00237134 /* Release */ = {
			isa = XCBuildConfiguration;
			buildSettings = {
				ALWAYS_EMBED_SWIFT_STANDARD_LIBRARIES = YES;
				BUNDLE_LOADER = "$(TEST_HOST)";
				CODE_SIGN_STYLE = Automatic;
				DEVELOPMENT_TEAM = 6UT7M6DT43;
				INFOPLIST_FILE = SwiftUI_MQTTTests/Info.plist;
				IPHONEOS_DEPLOYMENT_TARGET = 14.0;
				LD_RUNPATH_SEARCH_PATHS = (
					"$(inherited)",
					"@executable_path/Frameworks",
					"@loader_path/Frameworks",
				);
				PRODUCT_BUNDLE_IDENTIFIER = "com.anoop.SwiftUI-MQTTTests";
				PRODUCT_NAME = "$(TARGET_NAME)";
				SWIFT_VERSION = 5.0;
				TARGETED_DEVICE_FAMILY = "1,2";
				TEST_HOST = "$(BUILT_PRODUCTS_DIR)/BadgerMQTT.app/BadgerMQTT";
			};
			name = Release;
		};
		76E2F55425B71BDE00237134 /* Debug */ = {
			isa = XCBuildConfiguration;
			buildSettings = {
				ALWAYS_EMBED_SWIFT_STANDARD_LIBRARIES = YES;
				CODE_SIGN_STYLE = Automatic;
				DEVELOPMENT_TEAM = 6UT7M6DT43;
				INFOPLIST_FILE = SwiftUI_MQTTUITests/Info.plist;
				LD_RUNPATH_SEARCH_PATHS = (
					"$(inherited)",
					"@executable_path/Frameworks",
					"@loader_path/Frameworks",
				);
				PRODUCT_BUNDLE_IDENTIFIER = "com.anoop.SwiftUI-MQTTUITests";
				PRODUCT_NAME = "$(TARGET_NAME)";
				SWIFT_VERSION = 5.0;
				TARGETED_DEVICE_FAMILY = "1,2";
				TEST_TARGET_NAME = SwiftUI_MQTT;
			};
			name = Debug;
		};
		76E2F55525B71BDE00237134 /* Release */ = {
			isa = XCBuildConfiguration;
			buildSettings = {
				ALWAYS_EMBED_SWIFT_STANDARD_LIBRARIES = YES;
				CODE_SIGN_STYLE = Automatic;
				DEVELOPMENT_TEAM = 6UT7M6DT43;
				INFOPLIST_FILE = SwiftUI_MQTTUITests/Info.plist;
				LD_RUNPATH_SEARCH_PATHS = (
					"$(inherited)",
					"@executable_path/Frameworks",
					"@loader_path/Frameworks",
				);
				PRODUCT_BUNDLE_IDENTIFIER = "com.anoop.SwiftUI-MQTTUITests";
				PRODUCT_NAME = "$(TARGET_NAME)";
				SWIFT_VERSION = 5.0;
				TARGETED_DEVICE_FAMILY = "1,2";
				TEST_TARGET_NAME = SwiftUI_MQTT;
			};
			name = Release;
		};
/* End XCBuildConfiguration section */

/* Begin XCConfigurationList section */
		76E2F52325B71BDD00237134 /* Build configuration list for PBXProject "BadgerMQTT" */ = {
			isa = XCConfigurationList;
			buildConfigurations = (
				76E2F54B25B71BDE00237134 /* Debug */,
				76E2F54C25B71BDE00237134 /* Release */,
			);
			defaultConfigurationIsVisible = 0;
			defaultConfigurationName = Release;
		};
		76E2F54D25B71BDE00237134 /* Build configuration list for PBXNativeTarget "BadgerMQTT" */ = {
			isa = XCConfigurationList;
			buildConfigurations = (
				76E2F54E25B71BDE00237134 /* Debug */,
				76E2F54F25B71BDE00237134 /* Release */,
			);
			defaultConfigurationIsVisible = 0;
			defaultConfigurationName = Release;
		};
		76E2F55025B71BDE00237134 /* Build configuration list for PBXNativeTarget "BadgerMQTTTests" */ = {
			isa = XCConfigurationList;
			buildConfigurations = (
				76E2F55125B71BDE00237134 /* Debug */,
				76E2F55225B71BDE00237134 /* Release */,
			);
			defaultConfigurationIsVisible = 0;
			defaultConfigurationName = Release;
		};
		76E2F55325B71BDE00237134 /* Build configuration list for PBXNativeTarget "BadgerMQTTUITests" */ = {
			isa = XCConfigurationList;
			buildConfigurations = (
				76E2F55425B71BDE00237134 /* Debug */,
				76E2F55525B71BDE00237134 /* Release */,
			);
			defaultConfigurationIsVisible = 0;
			defaultConfigurationName = Release;
		};
/* End XCConfigurationList section */

/* Begin XCRemoteSwiftPackageReference section */
		4D0106E52C20B99700462FA1 /* XCRemoteSwiftPackageReference "SwiftyJSON" */ = {
			isa = XCRemoteSwiftPackageReference;
			repositoryURL = "https://github.com/SwiftyJSON/SwiftyJSON.git";
			requirement = {
				kind = upToNextMajorVersion;
				minimumVersion = 5.0.2;
			};
		};
		7618093929E80E75008AABF0 /* XCRemoteSwiftPackageReference "CocoaMQTT" */ = {
			isa = XCRemoteSwiftPackageReference;
			repositoryURL = "https://github.com/emqx/CocoaMQTT.git";
			requirement = {
				kind = upToNextMajorVersion;
				minimumVersion = 2.0.0;
			};
		};
/* End XCRemoteSwiftPackageReference section */

/* Begin XCSwiftPackageProductDependency section */
		4D0106E72C20B9DF00462FA1 /* SwiftyJSON */ = {
			isa = XCSwiftPackageProductDependency;
			package = 4D0106E52C20B99700462FA1 /* XCRemoteSwiftPackageReference "SwiftyJSON" */;
			productName = SwiftyJSON;
		};
		7618093A29E80E75008AABF0 /* CocoaMQTT */ = {
			isa = XCSwiftPackageProductDependency;
			package = 7618093929E80E75008AABF0 /* XCRemoteSwiftPackageReference "CocoaMQTT" */;
			productName = CocoaMQTT;
		};
/* End XCSwiftPackageProductDependency section */
	};
	rootObject = 76E2F52025B71BDD00237134 /* Project object */;
}
